{
  "pins" : [
    {
      "identity" : "abseil-cpp-binary",
      "kind" : "remoteSourceControl",
      "location" : "https://github.com/google/abseil-cpp-binary.git",
      "state" : {
        "revision" : "748c7837511d0e6a507737353af268484e1745e2",
        "version" : "1.2024011601.1"
      }
    },
    {
      "identity" : "alamofire",
      "kind" : "remoteSourceControl",
      "location" : "https://github.com/Alamofire/Alamofire.git",
      "state" : {
        "revision" : "f455c2975872ccd2d9c81594c658af65716e9b9a",
        "version" : "5.9.1"
      }
    },
    {
      "identity" : "alertkit",
      "kind" : "remoteSourceControl",
      "location" : "https://github.com/sparrowcode/AlertKit",
      "state" : {
        "revision" : "3b73be8db5a7e7efaf474c6ed919f5a437d843c9",
        "version" : "5.1.9"
      }
    },
    {
      "identity" : "app-check",
      "kind" : "remoteSourceControl",
      "location" : "https://github.com/google/app-check.git",
      "state" : {
        "revision" : "076b241a625e25eac22f8849be256dfb960fcdfe",
        "version" : "10.19.1"
      }
    },
    {
      "identity" : "bottompopup",
      "kind" : "remoteSourceControl",
      "location" : "https://github.com/ergunemr/BottomPopup",
      "state" : {
        "revision" : "23e3ce5ab9e1576aae60bad90cf7eea34709881d",
        "version" : "0.7.1"
      }
    },
    {
      "identity" : "cosmos",
      "kind" : "remoteSourceControl",
      "location" : "https://github.com/evgenyneu/Cosmos.git",
      "state" : {
        "revision" : "cce521e734d0090494bd4afab5fd2e2f2465c1af",
        "version" : "23.0.0"
      }
    },
    {
      "identity" : "firebase-ios-sdk",
      "kind" : "remoteSourceControl",
      "location" : "https://github.com/firebase/firebase-ios-sdk",
      "state" : {
        "revision" : "9d17b500cd98d9a7009751ad62f802e152e97021",
        "version" : "10.26.0"
      }
    },
    {
      "identity" : "googleappmeasurement",
      "kind" : "remoteSourceControl",
      "location" : "https://github.com/google/GoogleAppMeasurement.git",
      "state" : {
        "revision" : "16244d177c4e989f87b25e9db1012b382cfedc55",
        "version" : "10.25.0"
      }
    },
    {
      "identity" : "googledatatransport",
      "kind" : "remoteSourceControl",
      "location" : "https://github.com/google/GoogleDataTransport.git",
      "state" : {
        "revision" : "a637d318ae7ae246b02d7305121275bc75ed5565",
        "version" : "9.4.0"
      }
    },
    {
      "identity" : "googleutilities",
      "kind" : "remoteSourceControl",
      "location" : "https://github.com/google/GoogleUtilities.git",
      "state" : {
        "revision" : "57a1d307f42df690fdef2637f3e5b776da02aad6",
        "version" : "7.13.3"
      }
    },
    {
      "identity" : "grpc-binary",
      "kind" : "remoteSourceControl",
      "location" : "https://github.com/google/grpc-binary.git",
      "state" : {
        "revision" : "e9fad491d0673bdda7063a0341fb6b47a30c5359",
        "version" : "1.62.2"
      }
    },
    {
      "identity" : "gtm-session-fetcher",
      "kind" : "remoteSourceControl",
      "location" : "https://github.com/google/gtm-session-fetcher.git",
      "state" : {
        "revision" : "0382ca27f22fb3494cf657d8dc356dc282cd1193",
        "version" : "3.4.1"
      }
    },
    {
      "identity" : "interop-ios-for-google-sdks",
      "kind" : "remoteSourceControl",
      "location" : "https://github.com/google/interop-ios-for-google-sdks.git",
      "state" : {
        "revision" : "2d12673670417654f08f5f90fdd62926dc3a2648",
        "version" : "100.0.0"
      }
    },
    {
      "identity" : "iqkeyboardmanager",
      "kind" : "remoteSourceControl",
      "location" : "https://github.com/hackiftekhar/IQKeyboardManager.git",
      "state" : {
        "revision" : "c00b1ae9fa1ad8af4465bb6ca901f6943fc98eba",
        "version" : "6.5.16"
      }
    },
    {
      "identity" : "kingfisher",
      "kind" : "remoteSourceControl",
      "location" : "https://github.com/onevcat/Kingfisher.git",
      "state" : {
        "revision" : "5b92f029fab2cce44386d28588098b5be0824ef5",
        "version" : "7.11.0"
      }
    },
    {
      "identity" : "leveldb",
      "kind" : "remoteSourceControl",
      "location" : "https://github.com/firebase/leveldb.git",
      "state" : {
        "revision" : "a0bc79961d7be727d258d33d5a6b2f1023270ba1",
        "version" : "1.22.5"
      }
    },
    {
      "identity" : "m13checkbox",
      "kind" : "remoteSourceControl",
      "location" : "https://github.com/Marxon13/M13Checkbox",
      "state" : {
        "revision" : "96ff6c8862db87095315480a56dcebe51e15dac8",
        "version" : "3.4.1"
      }
    },
    {
      "identity" : "miotpverificationspm",
      "kind" : "remoteSourceControl",
      "location" : "https://github.com/Mindinventory/MIOTPVerificationSPM.git",
      "state" : {
        "revision" : "e7680607aca63ed2888678a5a1b44eb3bdf5b0d2",
        "version" : "1.10.0"
      }
    },
    {
      "identity" : "nanopb",
      "kind" : "remoteSourceControl",
      "location" : "https://github.com/firebase/nanopb.git",
      "state" : {
        "revision" : "b7e1104502eca3a213b46303391ca4d3bc8ddec1",
        "version" : "2.30910.0"
      }
    },
    {
      "identity" : "neumorphic",
      "kind" : "remoteSourceControl",
      "location" : "https://github.com/costachung/neumorphic/",
      "state" : {
        "branch" : "master",
        "revision" : "03c6f7b3d27bfb28a082db2e9ffae45fbc69cb8b"
      }
    },
    {
      "identity" : "nvactivityindicatorview",
      "kind" : "remoteSourceControl",
      "location" : "https://github.com/ninjaprox/NVActivityIndicatorView.git",
      "state" : {
        "revision" : "121455c4e630fcb95aaefd7e4257b0c2e3cfe6d5",
        "version" : "5.2.0"
      }
    },
    {
      "identity" : "promises",
      "kind" : "remoteSourceControl",
      "location" : "https://github.com/google/promises.git",
      "state" : {
        "revision" : "540318ecedd63d883069ae7f1ed811a2df00b6ac",
        "version" : "2.4.0"
      }
    },
    {
      "identity" : "swift-protobuf",
      "kind" : "remoteSourceControl",
      "location" : "https://github.com/apple/swift-protobuf.git",
      "state" : {
        "revision" : "9f0c76544701845ad98716f3f6a774a892152bcb",
        "version" : "1.26.0"
      }
    },
    {
      "identity" : "swiftmessages",
      "kind" : "remoteSourceControl",
      "location" : "https://github.com/SwiftKickMobile/SwiftMessages",
      "state" : {
        "revision" : "e70fb07baae07e3dca3da2ce7a8d497bfd472b20",
        "version" : "9.0.10"
      }
    }
  ],
  "version" : 2
}
